
Microsoft Visual Studio Solution File, Format Version 12.00
# Visual Studio Version 16
VisualStudioVersion = 16.0.810.8
MinimumVisualStudioVersion = 10.0.40219.1
Project("{FAE04EC0-301F-11D3-BF4B-00C04F79EFBC}") = "FinalAss2", "FinalAss2\FinalAss2.csproj", "{CD0D2C96-26C4-41A4-AC75-94E8C3DDB07B}"
EndProject
Global
	GlobalSection(SolutionConfigurationPlatforms) = preSolution
		Debug|anycpu = Debug|anycpu
		Release|anycpu = Release|anycpu
	EndGlobalSection
	GlobalSection(ProjectConfigurationPlatforms) = postSolution
		{CD0D2C96-26C4-41A4-AC75-94E8C3DDB07B}.Debug|anycpu.ActiveCfg = Debug|anycpu
		{CD0D2C96-26C4-41A4-AC75-94E8C3DDB07B}.Debug|anycpu.Build.0 = Debug|anycpu
		{CD0D2C96-26C4-41A4-AC75-94E8C3DDB07B}.Release|anycpu.ActiveCfg = Release|anycpu
		{CD0D2C96-26C4-41A4-AC75-94E8C3DDB07B}.Release|anycpu.Build.0 = Release|anycpu
	EndGlobalSection
	GlobalSection(SolutionProperties) = preSolution
		HideSolutionNode = FALSE
	EndGlobalSection
	GlobalSection(ExtensibilityGlobals) = postSolution
		SolutionGuid = {79A51F4C-65E8-469D-A22D-B2E65FDE1C68}
	EndGlobalSection
EndGlobal
